// !$*UTF8*$!
{
	archiveVersion = 1;
	classes = {
	};
	objectVersion = 50;
	objects = {

/* Begin PBXBuildFile section */
		4D45DC7A21777E5B00C1387E /* main.cpp in Sources */ = {isa = PBXBuildFile; fileRef = 4D45DC7921777E5B00C1387E /* main.cpp */; };
		4D45DC8221777E6600C1387E /* OpenGL.framework in Frameworks */ = {isa = PBXBuildFile; fileRef = 4D45DC8121777E6600C1387E /* OpenGL.framework */; };
		4D45DC8421777E6C00C1387E /* GLUT.framework in Frameworks */ = {isa = PBXBuildFile; fileRef = 4D45DC8321777E6C00C1387E /* GLUT.framework */; };
		4D45DC8621777FED00C1387E /* glad.c in Sources */ = {isa = PBXBuildFile; fileRef = 4D45DC8521777FED00C1387E /* glad.c */; };
		4D45DC882177801E00C1387E /* libGLEW.2.1.0.dylib in Frameworks */ = {isa = PBXBuildFile; fileRef = 4D45DC872177801E00C1387E /* libGLEW.2.1.0.dylib */; };
		4D45DC8A2177802E00C1387E /* libglfw.3.2.dylib in Frameworks */ = {isa = PBXBuildFile; fileRef = 4D45DC892177802E00C1387E /* libglfw.3.2.dylib */; };
/* End PBXBuildFile section */

/* Begin PBXCopyFilesBuildPhase section */
		4D45DC7421777E5B00C1387E /* CopyFiles */ = {
			isa = PBXCopyFilesBuildPhase;
			buildActionMask = 2147483647;
			dstPath = /usr/share/man/man1/;
			dstSubfolderSpec = 0;
			files = (
			);
			runOnlyForDeploymentPostprocessing = 1;
		};
/* End PBXCopyFilesBuildPhase section */

/* Begin PBXFileReference section */
		4D45DC7621777E5B00C1387E /* marching-cube */ = {isa = PBXFileReference; explicitFileType = "compiled.mach-o.executable"; includeInIndex = 0; path = "marching-cube"; sourceTree = BUILT_PRODUCTS_DIR; };
		4D45DC7921777E5B00C1387E /* main.cpp */ = {isa = PBXFileReference; lastKnownFileType = sourcecode.cpp.cpp; path = main.cpp; sourceTree = "<group>"; };
		4D45DC8121777E6600C1387E /* OpenGL.framework */ = {isa = PBXFileReference; lastKnownFileType = wrapper.framework; name = OpenGL.framework; path = System/Library/Frameworks/OpenGL.framework; sourceTree = SDKROOT; };
		4D45DC8321777E6C00C1387E /* GLUT.framework */ = {isa = PBXFileReference; lastKnownFileType = wrapper.framework; name = GLUT.framework; path = System/Library/Frameworks/GLUT.framework; sourceTree = SDKROOT; };
		4D45DC8521777FED00C1387E /* glad.c */ = {isa = PBXFileReference; fileEncoding = 4; lastKnownFileType = sourcecode.c.c; name = glad.c; path = ../../glad.c; sourceTree = "<group>"; };
		4D45DC872177801E00C1387E /* libGLEW.2.1.0.dylib */ = {isa = PBXFileReference; lastKnownFileType = "compiled.mach-o.dylib"; name = libGLEW.2.1.0.dylib; path = ../../../../../usr/local/Cellar/glew/2.1.0/lib/libGLEW.2.1.0.dylib; sourceTree = "<group>"; };
		4D45DC892177802E00C1387E /* libglfw.3.2.dylib */ = {isa = PBXFileReference; lastKnownFileType = "compiled.mach-o.dylib"; name = libglfw.3.2.dylib; path = ../../../../../usr/local/Cellar/glfw/3.2.1/lib/libglfw.3.2.dylib; sourceTree = "<group>"; };
/* End PBXFileReference section */

/* Begin PBXFrameworksBuildPhase section */
		4D45DC7321777E5B00C1387E /* Frameworks */ = {
			isa = PBXFrameworksBuildPhase;
			buildActionMask = 2147483647;
			files = (
				4D45DC8A2177802E00C1387E /* libglfw.3.2.dylib in Frameworks */,
				4D45DC882177801E00C1387E /* libGLEW.2.1.0.dylib in Frameworks */,
				4D45DC8421777E6C00C1387E /* GLUT.framework in Frameworks */,
				4D45DC8221777E6600C1387E /* OpenGL.framework in Frameworks */,
			);
			runOnlyForDeploymentPostprocessing = 0;
		};
/* End PBXFrameworksBuildPhase section */

/* Begin PBXGroup section */
		4D45DC6D21777E5B00C1387E = {
			isa = PBXGroup;
			children = (
				4D45DC7821777E5B00C1387E /* marching-cube */,
				4D45DC7721777E5B00C1387E /* Products */,
				4D45DC8021777E6600C1387E /* Frameworks */,
			);
			sourceTree = "<group>";
		};
		4D45DC7721777E5B00C1387E /* Products */ = {
			isa = PBXGroup;
			children = (
				4D45DC7621777E5B00C1387E /* marching-cube */,
			);
			name = Products;
			sourceTree = "<group>";
		};
		4D45DC7821777E5B00C1387E /* marching-cube */ = {
			isa = PBXGroup;
			children = (
				4D45DC8521777FED00C1387E /* glad.c */,
				4D45DC7921777E5B00C1387E /* main.cpp */,
			);
			path = "marching-cube";
			sourceTree = "<group>";
		};
		4D45DC8021777E6600C1387E /* Frameworks */ = {
			isa = PBXGroup;
			children = (
				4D45DC892177802E00C1387E /* libglfw.3.2.dylib */,
				4D45DC872177801E00C1387E /* libGLEW.2.1.0.dylib */,
				4D45DC8321777E6C00C1387E /* GLUT.framework */,
				4D45DC8121777E6600C1387E /* OpenGL.framework */,
			);
			name = Frameworks;
			sourceTree = "<group>";
		};
/* End PBXGroup section */

/* Begin PBXNativeTarget section */
		4D45DC7521777E5B00C1387E /* marching-cube */ = {
			isa = PBXNativeTarget;
			buildConfigurationList = 4D45DC7D21777E5B00C1387E /* Build configuration list for PBXNativeTarget "marching-cube" */;
			buildPhases = (
				4D45DC7221777E5B00C1387E /* Sources */,
				4D45DC7321777E5B00C1387E /* Frameworks */,
				4D45DC7421777E5B00C1387E /* CopyFiles */,
			);
			buildRules = (
			);
			dependencies = (
			);
			name = "marching-cube";
			productName = "marching-cube";
			productReference = 4D45DC7621777E5B00C1387E /* marching-cube */;
			productType = "com.apple.product-type.tool";
		};
/* End PBXNativeTarget section */

/* Begin PBXProject section */
		4D45DC6E21777E5B00C1387E /* Project object */ = {
			isa = PBXProject;
			attributes = {
				LastUpgradeCheck = 1000;
				ORGANIZATIONNAME = Jason;
				TargetAttributes = {
					4D45DC7521777E5B00C1387E = {
						CreatedOnToolsVersion = 10.0;
					};
				};
			};
			buildConfigurationList = 4D45DC7121777E5B00C1387E /* Build configuration list for PBXProject "marching-cube" */;
			compatibilityVersion = "Xcode 9.3";
			developmentRegion = en;
			hasScannedForEncodings = 0;
			knownRegions = (
				en,
			);
			mainGroup = 4D45DC6D21777E5B00C1387E;
			productRefGroup = 4D45DC7721777E5B00C1387E /* Products */;
			projectDirPath = "";
			projectRoot = "";
			targets = (
				4D45DC7521777E5B00C1387E /* marching-cube */,
			);
		};
/* End PBXProject section */

/* Begin PBXSourcesBuildPhase section */
		4D45DC7221777E5B00C1387E /* Sources */ = {
			isa = PBXSourcesBuildPhase;
			buildActionMask = 2147483647;
			files = (
				4D45DC7A21777E5B00C1387E /* main.cpp in Sources */,
				4D45DC8621777FED00C1387E /* glad.c in Sources */,
			);
			runOnlyForDeploymentPostprocessing = 0;
		};
/* End PBXSourcesBuildPhase section */

/* Begin XCBuildConfiguration section */
		4D45DC7B21777E5B00C1387E /* Debug */ = {
			isa = XCBuildConfiguration;
			buildSettings = {
				ALWAYS_SEARCH_USER_PATHS = NO;
				CLANG_ANALYZER_NONNULL = YES;
				CLANG_ANALYZER_NUMBER_OBJECT_CONVERSION = YES_AGGRESSIVE;
				CLANG_CXX_LANGUAGE_STANDARD = "gnu++14";
				CLANG_CXX_LIBRARY = "libc++";
				CLANG_ENABLE_MODULES = YES;
				CLANG_ENABLE_OBJC_ARC = YES;
				CLANG_ENABLE_OBJC_WEAK = YES;
				CLANG_WARN_BLOCK_CAPTURE_AUTORELEASING = YES;
				CLANG_WARN_BOOL_CONVERSION = YES;
				CLANG_WARN_COMMA = YES;
				CLANG_WARN_CONSTANT_CONVERSION = YES;
				CLANG_WARN_DEPRECATED_OBJC_IMPLEMENTATIONS = YES;
				CLANG_WARN_DIRECT_OBJC_ISA_USAGE = YES_ERROR;
				CLANG_WARN_DOCUMENTATION_COMMENTS = YES;
				CLANG_WARN_EMPTY_BODY = YES;
				CLANG_WARN_ENUM_CONVERSION = YES;
				CLANG_WARN_INFINITE_RECURSION = YES;
				CLANG_WARN_INT_CONVERSION = YES;
				CLANG_WARN_NON_LITERAL_NULL_CONVERSION = YES;
				CLANG_WARN_OBJC_IMPLICIT_RETAIN_SELF = YES;
				CLANG_WARN_OBJC_LITERAL_CONVERSION = YES;
				CLANG_WARN_OBJC_ROOT_CLASS = YES_ERROR;
				CLANG_WARN_RANGE_LOOP_ANALYSIS = YES;
				CLANG_WARN_STRICT_PROTOTYPES = YES;
				CLANG_WARN_SUSPICIOUS_MOVE = YES;
				CLANG_WARN_UNGUARDED_AVAILABILITY = YES_AGGRESSIVE;
				CLANG_WARN_UNREACHABLE_CODE = YES;
				CLANG_WARN__DUPLICATE_METHOD_MATCH = YES;
				CODE_SIGN_IDENTITY = "-";
				COPY_PHASE_STRIP = NO;
				DEBUG_INFORMATION_FORMAT = dwarf;
				ENABLE_STRICT_OBJC_MSGSEND = YES;
				ENABLE_TESTABILITY = YES;
				GCC_C_LANGUAGE_STANDARD = gnu11;
				GCC_DYNAMIC_NO_PIC = NO;
				GCC_NO_COMMON_BLOCKS = YES;
				GCC_OPTIMIZATION_LEVEL = 0;
				GCC_PREPROCESSOR_DEFINITIONS = (
					"DEBUG=1",
					"$(inherited)",
				);
				GCC_WARN_64_TO_32_BIT_CONVERSION = YES;
				GCC_WARN_ABOUT_RETURN_TYPE = YES_ERROR;
				GCC_WARN_UNDECLARED_SELECTOR = YES;
				GCC_WARN_UNINITIALIZED_AUTOS = YES_AGGRESSIVE;
				GCC_WARN_UNUSED_FUNCTION = YES;
				GCC_WARN_UNUSED_VARIABLE = YES;
				MACOSX_DEPLOYMENT_TARGET = 10.13;
				MTL_ENABLE_DEBUG_INFO = INCLUDE_SOURCE;
				MTL_FAST_MATH = YES;
				ONLY_ACTIVE_ARCH = YES;
				SDKROOT = macosx;
			};
			name = Debug;
		};
		4D45DC7C21777E5B00C1387E /* Release */ = {
			isa = XCBuildConfiguration;
			buildSettings = {
				ALWAYS_SEARCH_USER_PATHS = NO;
				CLANG_ANALYZER_NONNULL = YES;
				CLANG_ANALYZER_NUMBER_OBJECT_CONVERSION = YES_AGGRESSIVE;
				CLANG_CXX_LANGUAGE_STANDARD = "gnu++14";
				CLANG_CXX_LIBRARY = "libc++";
				CLANG_ENABLE_MODULES = YES;
				CLANG_ENABLE_OBJC_ARC = YES;
				CLANG_ENABLE_OBJC_WEAK = YES;
				CLANG_WARN_BLOCK_CAPTURE_AUTORELEASING = YES;
				CLANG_WARN_BOOL_CONVERSION = YES;
				CLANG_WARN_COMMA = YES;
				CLANG_WARN_CONSTANT_CONVERSION = YES;
				CLANG_WARN_DEPRECATED_OBJC_IMPLEMENTATIONS = YES;
				CLANG_WARN_DIRECT_OBJC_ISA_USAGE = YES_ERROR;
				CLANG_WARN_DOCUMENTATION_COMMENTS = YES;
				CLANG_WARN_EMPTY_BODY = YES;
				CLANG_WARN_ENUM_CONVERSION = YES;
				CLANG_WARN_INFINITE_RECURSION = YES;
				CLANG_WARN_INT_CONVERSION = YES;
				CLANG_WARN_NON_LITERAL_NULL_CONVERSION = YES;
				CLANG_WARN_OBJC_IMPLICIT_RETAIN_SELF = YES;
				CLANG_WARN_OBJC_LITERAL_CONVERSION = YES;
				CLANG_WARN_OBJC_ROOT_CLASS = YES_ERROR;
				CLANG_WARN_RANGE_LOOP_ANALYSIS = YES;
				CLANG_WARN_STRICT_PROTOTYPES = YES;
				CLANG_WARN_SUSPICIOUS_MOVE = YES;
				CLANG_WARN_UNGUARDED_AVAILABILITY = YES_AGGRESSIVE;
				CLANG_WARN_UNREACHABLE_CODE = YES;
				CLANG_WARN__DUPLICATE_METHOD_MATCH = YES;
				CODE_SIGN_IDENTITY = "-";
				COPY_PHASE_STRIP = NO;
				DEBUG_INFORMATION_FORMAT = "dwarf-with-dsym";
				ENABLE_NS_ASSERTIONS = NO;
				ENABLE_STRICT_OBJC_MSGSEND = YES;
				GCC_C_LANGUAGE_STANDARD = gnu11;
				GCC_NO_COMMON_BLOCKS = YES;
				GCC_WARN_64_TO_32_BIT_CONVERSION = YES;
				GCC_WARN_ABOUT_RETURN_TYPE = YES_ERROR;
				GCC_WARN_UNDECLARED_SELECTOR = YES;
				GCC_WARN_UNINITIALIZED_AUTOS = YES_AGGRESSIVE;
				GCC_WARN_UNUSED_FUNCTION = YES;
				GCC_WARN_UNUSED_VARIABLE = YES;
				MACOSX_DEPLOYMENT_TARGET = 10.13;
				MTL_ENABLE_DEBUG_INFO = NO;
				MTL_FAST_MATH = YES;
				SDKROOT = macosx;
			};
			name = Release;
		};
		4D45DC7E21777E5B00C1387E /* Debug */ = {
			isa = XCBuildConfiguration;
			buildSettings = {
				CODE_SIGN_STYLE = Automatic;
				HEADER_SEARCH_PATHS = (
					/usr/local/Cellar/glew/2.1.0/lib,
					/usr/localCellar/glfw/3.2.1/lib,
					/usr/local/include,
				);
				LIBRARY_SEARCH_PATHS = (
					"$(inherited)",
					/usr/local/Cellar/glew/2.1.0/lib,
					/usr/local/Cellar/glfw/3.2.1/lib,
				);
				PRODUCT_NAME = "$(TARGET_NAME)";
			};
			name = Debug;
		};
		4D45DC7F21777E5B00C1387E /* Release */ = {
			isa = XCBuildConfiguration;
			buildSettings = {
				CODE_SIGN_STYLE = Automatic;
				HEADER_SEARCH_PATHS = (
					/usr/local/Cellar/glew/2.1.0/lib,
					/usr/localCellar/glfw/3.2.1/lib,
					/usr/local/include,
				);
				LIBRARY_SEARCH_PATHS = (
					"$(inherited)",
					/usr/local/Cellar/glew/2.1.0/lib,
					/usr/local/Cellar/glfw/3.2.1/lib,
				);
				PRODUCT_NAME = "$(TARGET_NAME)";
			};
			name = Release;
		};
/* End XCBuildConfiguration section */

/* Begin XCConfigurationList section */
		4D45DC7121777E5B00C1387E /* Build configuration list for PBXProject "marching-cube" */ = {
			isa = XCConfigurationList;
			buildConfigurations = (
				4D45DC7B21777E5B00C1387E /* Debug */,
				4D45DC7C21777E5B00C1387E /* Release */,
			);
			defaultConfigurationIsVisible = 0;
			defaultConfigurationName = Release;
		};
		4D45DC7D21777E5B00C1387E /* Build configuration list for PBXNativeTarget "marching-cube" */ = {
			isa = XCConfigurationList;
			buildConfigurations = (
				4D45DC7E21777E5B00C1387E /* Debug */,
				4D45DC7F21777E5B00C1387E /* Release */,
			);
			defaultConfigurationIsVisible = 0;
			defaultConfigurationName = Release;
		};
/* End XCConfigurationList section */
	};
	rootObject = 4D45DC6E21777E5B00C1387E /* Project object */;
}
